
Microsoft Visual Studio Solution File, Format Version 12.00
# Visual Studio 15
VisualStudioVersion = 15.0.28307.168
MinimumVisualStudioVersion = 10.0.40219.1
Project("{FAE04EC0-301F-11D3-BF4B-00C04F79EFBC}") = "DobroRussoAudio", "DobroRussoAudio\DobroRussoAudio.csproj", "{7E4F665A-876E-460E-A634-F412F8DD9B29}"
EndProject
Global
	GlobalSection(SolutionConfigurationPlatforms) = preSolution
		Debug|Any CPU = Debug|Any CPU
		Release|Any CPU = Release|Any CPU
	EndGlobalSection
	GlobalSection(ProjectConfigurationPlatforms) = postSolution
		{7E4F665A-876E-460E-A634-F412F8DD9B29}.Debug|Any CPU.ActiveCfg = Debug|Any CPU
		{7E4F665A-876E-460E-A634-F412F8DD9B29}.Debug|Any CPU.Build.0 = Debug|Any CPU
		{7E4F665A-876E-460E-A634-F412F8DD9B29}.Release|Any CPU.ActiveCfg = Release|Any CPU
		{7E4F665A-876E-460E-A634-F412F8DD9B29}.Release|Any CPU.Build.0 = Release|Any CPU
	EndGlobalSection
	GlobalSection(SolutionProperties) = preSolution
		HideSolutionNode = FALSE
	EndGlobalSection
	GlobalSection(ExtensibilityGlobals) = postSolution
		SolutionGuid = {CD78CEB5-DCF2-430B-8E1E-76A04F14AEDE}
	EndGlobalSection
EndGlobal
